
Microsoft Visual Studio Solution File, Format Version 12.00
Project("{FAE04EC0-301F-11D3-BF4B-00C04F79EFBC}") = "MyTemplate.Application", "MyTemplate\MyTemplate.Application\MyTemplate.Application.csproj", "{27EE2A23-4D80-4852-8B93-22234EB261D6}"
EndProject
Project("{FAE04EC0-301F-11D3-BF4B-00C04F79EFBC}") = "MyTemplate.Core", "MyTemplate\MyTemplate.Core\MyTemplate.Core.csproj", "{481F3BB3-7361-4118-9061-DBBFCDCAFBD7}"
EndProject
Project("{FAE04EC0-301F-11D3-BF4B-00C04F79EFBC}") = "MyTemplate.Database.Migrations", "MyTemplate\MyTemplate.Database.Migrations\MyTemplate.Database.Migrations.csproj", "{859FDEAA-2F38-44F0-8F10-7B49F262FB39}"
EndProject
Project("{FAE04EC0-301F-11D3-BF4B-00C04F79EFBC}") = "MyTemplate.EntityFramework.Core", "MyTemplate\MyTemplate.EntityFramework.Core\MyTemplate.EntityFramework.Core.csproj", "{76BC4640-2239-4451-A8D7-9BF3FFA96D61}"
EndProject
Project("{FAE04EC0-301F-11D3-BF4B-00C04F79EFBC}") = "MyTemplate.Web.Core", "MyTemplate\MyTemplate.Web.Core\MyTemplate.Web.Core.csproj", "{8BB1A5A3-D839-46B7-BEB2-D39C9DAB33F4}"
EndProject
Project("{FAE04EC0-301F-11D3-BF4B-00C04F79EFBC}") = "MyTemplate.Web.Entry", "MyTemplate\MyTemplate.Web.Entry\MyTemplate.Web.Entry.csproj", "{00B10C50-5BC1-4C5C-9FE7-780B1341EE50}"
EndProject
Global
	GlobalSection(SolutionConfigurationPlatforms) = preSolution
		Debug|Any CPU = Debug|Any CPU
		Release|Any CPU = Release|Any CPU
	EndGlobalSection
	GlobalSection(ProjectConfigurationPlatforms) = postSolution
		{27EE2A23-4D80-4852-8B93-22234EB261D6}.Debug|Any CPU.ActiveCfg = Debug|Any CPU
		{27EE2A23-4D80-4852-8B93-22234EB261D6}.Debug|Any CPU.Build.0 = Debug|Any CPU
		{27EE2A23-4D80-4852-8B93-22234EB261D6}.Release|Any CPU.ActiveCfg = Release|Any CPU
		{27EE2A23-4D80-4852-8B93-22234EB261D6}.Release|Any CPU.Build.0 = Release|Any CPU
		{481F3BB3-7361-4118-9061-DBBFCDCAFBD7}.Debug|Any CPU.ActiveCfg = Debug|Any CPU
		{481F3BB3-7361-4118-9061-DBBFCDCAFBD7}.Debug|Any CPU.Build.0 = Debug|Any CPU
		{481F3BB3-7361-4118-9061-DBBFCDCAFBD7}.Release|Any CPU.ActiveCfg = Release|Any CPU
		{481F3BB3-7361-4118-9061-DBBFCDCAFBD7}.Release|Any CPU.Build.0 = Release|Any CPU
		{859FDEAA-2F38-44F0-8F10-7B49F262FB39}.Debug|Any CPU.ActiveCfg = Debug|Any CPU
		{859FDEAA-2F38-44F0-8F10-7B49F262FB39}.Debug|Any CPU.Build.0 = Debug|Any CPU
		{859FDEAA-2F38-44F0-8F10-7B49F262FB39}.Release|Any CPU.ActiveCfg = Release|Any CPU
		{859FDEAA-2F38-44F0-8F10-7B49F262FB39}.Release|Any CPU.Build.0 = Release|Any CPU
		{76BC4640-2239-4451-A8D7-9BF3FFA96D61}.Debug|Any CPU.ActiveCfg = Debug|Any CPU
		{76BC4640-2239-4451-A8D7-9BF3FFA96D61}.Debug|Any CPU.Build.0 = Debug|Any CPU
		{76BC4640-2239-4451-A8D7-9BF3FFA96D61}.Release|Any CPU.ActiveCfg = Release|Any CPU
		{76BC4640-2239-4451-A8D7-9BF3FFA96D61}.Release|Any CPU.Build.0 = Release|Any CPU
		{8BB1A5A3-D839-46B7-BEB2-D39C9DAB33F4}.Debug|Any CPU.ActiveCfg = Debug|Any CPU
		{8BB1A5A3-D839-46B7-BEB2-D39C9DAB33F4}.Debug|Any CPU.Build.0 = Debug|Any CPU
		{8BB1A5A3-D839-46B7-BEB2-D39C9DAB33F4}.Release|Any CPU.ActiveCfg = Release|Any CPU
		{8BB1A5A3-D839-46B7-BEB2-D39C9DAB33F4}.Release|Any CPU.Build.0 = Release|Any CPU
		{00B10C50-5BC1-4C5C-9FE7-780B1341EE50}.Debug|Any CPU.ActiveCfg = Debug|Any CPU
		{00B10C50-5BC1-4C5C-9FE7-780B1341EE50}.Debug|Any CPU.Build.0 = Debug|Any CPU
		{00B10C50-5BC1-4C5C-9FE7-780B1341EE50}.Release|Any CPU.ActiveCfg = Release|Any CPU
		{00B10C50-5BC1-4C5C-9FE7-780B1341EE50}.Release|Any CPU.Build.0 = Release|Any CPU
	EndGlobalSection
EndGlobal
